{
  "name": "codebuddy-remote",
  "version": "0.1.0",
  "lockfileVersion": 3,
  "requires": true,
  "packages": {
    "": {
      "name": "codebuddy-remote",
      "version": "0.1.0",
      "workspaces": [
        "apps/*",
        "packages/*"
      ],
      "bin": {
        "codebuddy-remote": "apps/local-host/src/codebuddy-remote.mjs"
      }
    }
  }
}
